
Microsoft Visual Studio Solution File, Format Version 12.00
# Visual Studio Version 17
VisualStudioVersion = 17.8.34316.72
MinimumVisualStudioVersion = 10.0.40219.1
Project("{9A19103F-16F7-4668-BE54-9A1E7A4F7556}") = "TJC.Collection.GUI", "TJC.Collection.GUI\TJC.Collection.GUI.csproj", "{C6ADCCD3-C2C1-4BC3-8FAC-64313DA9D2FC}"
EndProject
Global
	GlobalSection(SolutionConfigurationPlatforms) = preSolution
		Debug|Any CPU = Debug|Any CPU
		Release|Any CPU = Release|Any CPU
	EndGlobalSection
	GlobalSection(ProjectConfigurationPlatforms) = postSolution
		{C6ADCCD3-C2C1-4BC3-8FAC-64313DA9D2FC}.Debug|Any CPU.ActiveCfg = Debug|Any CPU
		{C6ADCCD3-C2C1-4BC3-8FAC-64313DA9D2FC}.Debug|Any CPU.Build.0 = Debug|Any CPU
		{C6ADCCD3-C2C1-4BC3-8FAC-64313DA9D2FC}.Release|Any CPU.ActiveCfg = Release|Any CPU
		{C6ADCCD3-C2C1-4BC3-8FAC-64313DA9D2FC}.Release|Any CPU.Build.0 = Release|Any CPU
	EndGlobalSection
	GlobalSection(SolutionProperties) = preSolution
		HideSolutionNode = FALSE
	EndGlobalSection
EndGlobal
